
Microsoft Visual Studio Solution File, Format Version 12.00
# Visual Studio Version 17
VisualStudioVersion = 17.2.32630.192
MinimumVisualStudioVersion = 10.0.40219.1
Project("{FAE04EC0-301F-11D3-BF4B-00C04F79EFBC}") = "courses_site api", "courses_site api\courses_site api.csproj", "{49957C81-0CE3-4D42-9FA0-B2F3FCFA1FA3}"
EndProject
Global
	GlobalSection(SolutionConfigurationPlatforms) = preSolution
		Debug|Any CPU = Debug|Any CPU
		Release|Any CPU = Release|Any CPU
	EndGlobalSection
	GlobalSection(ProjectConfigurationPlatforms) = postSolution
		{49957C81-0CE3-4D42-9FA0-B2F3FCFA1FA3}.Debug|Any CPU.ActiveCfg = Debug|Any CPU
		{49957C81-0CE3-4D42-9FA0-B2F3FCFA1FA3}.Debug|Any CPU.Build.0 = Debug|Any CPU
		{49957C81-0CE3-4D42-9FA0-B2F3FCFA1FA3}.Release|Any CPU.ActiveCfg = Release|Any CPU
		{49957C81-0CE3-4D42-9FA0-B2F3FCFA1FA3}.Release|Any CPU.Build.0 = Release|Any CPU
	EndGlobalSection
	GlobalSection(SolutionProperties) = preSolution
		HideSolutionNode = FALSE
	EndGlobalSection
	GlobalSection(ExtensibilityGlobals) = postSolution
		SolutionGuid = {4EBDF9C4-5FAE-424F-929E-A6221ACA74DA}
	EndGlobalSection
EndGlobal
